
Microsoft Visual Studio Solution File, Format Version 12.00
# Visual Studio Version 17
VisualStudioVersion = 17.1.32407.343
MinimumVisualStudioVersion = 10.0.40219.1
Project("{2150E333-8FDC-42A3-9474-1A3956D46DE8}") = "Task_Programming", "Task_Programming", "{38A56737-81A0-49C2-8314-D1CE5B9B86D6}"
EndProject
Project("{9A19103F-16F7-4668-BE54-9A1E7A4F7556}") = "CreatingAndStartingTasks", "CreatingAndStartingTasks\CreatingAndStartingTasks.csproj", "{1A30CDF8-ED81-4C6E-9172-75034A7381BD}"
EndProject
Project("{9A19103F-16F7-4668-BE54-9A1E7A4F7556}") = "CancellingTasks", "CancellingTasks\CancellingTasks.csproj", "{4223ECD0-1102-4D2E-BD12-C01D63D3077C}"
EndProject
Project("{9A19103F-16F7-4668-BE54-9A1E7A4F7556}") = "WaitingForTimeToPass", "WaitingForTimeToPass\WaitingForTimeToPass.csproj", "{B0722B20-1CD5-4B25-9978-92C2CE6FE7D7}"
EndProject
Project("{9A19103F-16F7-4668-BE54-9A1E7A4F7556}") = "WaitingForTasks", "WaitingForTasks\WaitingForTasks.csproj", "{C0EDC5AF-F28D-4F43-B42F-EED500E84415}"
EndProject
Project("{9A19103F-16F7-4668-BE54-9A1E7A4F7556}") = "ExceptionHandlingTasks", "ExceptionHandlingTasks\ExceptionHandlingTasks.csproj", "{0D86E443-5F52-4B5A-BB5D-32345D134D97}"
EndProject
Project("{2150E333-8FDC-42A3-9474-1A3956D46DE8}") = "DataSharingAndSynchronization", "DataSharingAndSynchronization", "{1EC6B3AA-D316-4C04-B8FB-EA63C62C6EA4}"
EndProject
Project("{2150E333-8FDC-42A3-9474-1A3956D46DE8}") = "ConcurrentCollections", "ConcurrentCollections", "{055BAE41-FF8F-4D5E-BEA3-3D5C4C3C8674}"
EndProject
Project("{9A19103F-16F7-4668-BE54-9A1E7A4F7556}") = "CriticalSections", "CriticalSections\CriticalSections.csproj", "{4A484FFF-4246-4307-8750-CBD82C254122}"
EndProject
Project("{9A19103F-16F7-4668-BE54-9A1E7A4F7556}") = "InterlockedOperations", "InterlockedOperations\InterlockedOperations.csproj", "{793BB23A-78A0-49BB-808F-8D4515778DA5}"
EndProject
Project("{9A19103F-16F7-4668-BE54-9A1E7A4F7556}") = "SpinLockingAndLockRecursion", "SpinLockingAndLockRecursion\SpinLockingAndLockRecursion.csproj", "{A3C564AE-E98B-48DC-BA3C-D28CE6C7270A}"
EndProject
Project("{9A19103F-16F7-4668-BE54-9A1E7A4F7556}") = "Mutex", "Mutex\Mutex.csproj", "{DEF5C722-0CC3-4B0A-BC5B-2F484EF194BA}"
EndProject
Project("{9A19103F-16F7-4668-BE54-9A1E7A4F7556}") = "Reader_Writer_Locks", "Reader_Writer_Locks\Reader_Writer_Locks.csproj", "{CFDEB0C6-791C-42C0-82FF-996ABA9A97E8}"
EndProject
Project("{9A19103F-16F7-4668-BE54-9A1E7A4F7556}") = "ConcurrentDictionary", "ConcurrentDictionary\ConcurrentDictionary.csproj", "{073C9F2E-EA21-4918-A94B-342E6907DB16}"
EndProject
Project("{9A19103F-16F7-4668-BE54-9A1E7A4F7556}") = "ConcurrentQueue", "ConcurrentQueue\ConcurrentQueue.csproj", "{4581D5BD-88D6-437F-BF1B-FEC0CF35A27A}"
EndProject
Project("{9A19103F-16F7-4668-BE54-9A1E7A4F7556}") = "ConcurrentStack", "ConcurrentStack\ConcurrentStack.csproj", "{0910D335-6DA3-4638-B38A-89E14CB46672}"
EndProject
Project("{9A19103F-16F7-4668-BE54-9A1E7A4F7556}") = "ConcurrentBag", "ConcurrentBag\ConcurrentBag.csproj", "{3E32AB3F-8A04-4608-87E8-EFA3960CC8E4}"
EndProject
Project("{9A19103F-16F7-4668-BE54-9A1E7A4F7556}") = "BlockingCollectionAndTheProducer_ConsumerPattern", "BlockingCollectionAndTheProducer_ConsumerPattern\BlockingCollectionAndTheProducer_ConsumerPattern.csproj", "{B07251B2-7DC2-4B94-AFAA-59D42FE707D0}"
EndProject
Project("{2150E333-8FDC-42A3-9474-1A3956D46DE8}") = "Task_Coordination", "Task_Coordination", "{0632182C-1CBF-4D04-90B5-79419BD8C24A}"
EndProject
Project("{9A19103F-16F7-4668-BE54-9A1E7A4F7556}") = "Continuations", "Continuations\Continuations.csproj", "{6CA75D40-38AA-49D2-BA43-D6AE5B511849}"
EndProject
Project("{9A19103F-16F7-4668-BE54-9A1E7A4F7556}") = "ChildTasks", "ChildTasks\ChildTasks.csproj", "{9715AE5E-401B-48D8-B22B-084621DEC07F}"
EndProject
Project("{9A19103F-16F7-4668-BE54-9A1E7A4F7556}") = "Barrier_TaskCoordination", "Barrier_TaskCoordination\Barrier_TaskCoordination.csproj", "{71D1A431-1891-4308-99CF-5DB3470E9ED7}"
EndProject
Project("{9A19103F-16F7-4668-BE54-9A1E7A4F7556}") = "CountdownEvent_App", "CountdownEvent\CountdownEvent_App.csproj", "{53153AD0-1C6F-4764-99B7-F228F38F7B97}"
EndProject
Project("{9A19103F-16F7-4668-BE54-9A1E7A4F7556}") = "ManualResetEventSlimAndAutoResetEvent", "ManualResetEventSlimAndAutoResetEvent\ManualResetEventSlimAndAutoResetEvent.csproj", "{8CCD4BCD-7E68-48CB-B619-1A6938480BA5}"
EndProject
Project("{9A19103F-16F7-4668-BE54-9A1E7A4F7556}") = "SemaphoreSlim", "SemaphoreSlim\SemaphoreSlim.csproj", "{E9D60F9A-AA77-4AAF-BF68-35027A5383A2}"
EndProject
Project("{2150E333-8FDC-42A3-9474-1A3956D46DE8}") = "Parallel_Loops", "Parallel_Loops", "{3FBCB706-B5E6-40A3-8D5F-5A182F0EEFBD}"
EndProject
Project("{FAE04EC0-301F-11D3-BF4B-00C04F79EFBC}") = "Parallel_Invoke_For_ForEach", "Parallel_Invoke_For_ForEach\Parallel_Invoke_For_ForEach.csproj", "{E30FF16B-8D88-48BC-989E-E354E246C85C}"
EndProject
Project("{FAE04EC0-301F-11D3-BF4B-00C04F79EFBC}") = "Breaking_CancellationsAndExceptions", "Breaking_CancellationsAndExceptions\Breaking_CancellationsAndExceptions.csproj", "{DCEE5098-984E-45C1-BC97-6B024FEDA1DF}"
EndProject
Project("{FAE04EC0-301F-11D3-BF4B-00C04F79EFBC}") = "Thread_Local_Storage", "Thread_Local_Storage\Thread_Local_Storage.csproj", "{7488381E-3564-4A87-B312-AF31165BEC71}"
EndProject
Project("{FAE04EC0-301F-11D3-BF4B-00C04F79EFBC}") = "Partitioning", "Partitioning\Partitioning.csproj", "{4DCDD756-88DA-45AA-8A05-A2D2DA4DE0ED}"
EndProject
Global
	GlobalSection(SolutionConfigurationPlatforms) = preSolution
		Debug|Any CPU = Debug|Any CPU
		Release|Any CPU = Release|Any CPU
	EndGlobalSection
	GlobalSection(ProjectConfigurationPlatforms) = postSolution
		{1A30CDF8-ED81-4C6E-9172-75034A7381BD}.Debug|Any CPU.ActiveCfg = Debug|Any CPU
		{1A30CDF8-ED81-4C6E-9172-75034A7381BD}.Debug|Any CPU.Build.0 = Debug|Any CPU
		{1A30CDF8-ED81-4C6E-9172-75034A7381BD}.Release|Any CPU.ActiveCfg = Release|Any CPU
		{1A30CDF8-ED81-4C6E-9172-75034A7381BD}.Release|Any CPU.Build.0 = Release|Any CPU
		{4223ECD0-1102-4D2E-BD12-C01D63D3077C}.Debug|Any CPU.ActiveCfg = Debug|Any CPU
		{4223ECD0-1102-4D2E-BD12-C01D63D3077C}.Debug|Any CPU.Build.0 = Debug|Any CPU
		{4223ECD0-1102-4D2E-BD12-C01D63D3077C}.Release|Any CPU.ActiveCfg = Release|Any CPU
		{4223ECD0-1102-4D2E-BD12-C01D63D3077C}.Release|Any CPU.Build.0 = Release|Any CPU
		{B0722B20-1CD5-4B25-9978-92C2CE6FE7D7}.Debug|Any CPU.ActiveCfg = Debug|Any CPU
		{B0722B20-1CD5-4B25-9978-92C2CE6FE7D7}.Debug|Any CPU.Build.0 = Debug|Any CPU
		{B0722B20-1CD5-4B25-9978-92C2CE6FE7D7}.Release|Any CPU.ActiveCfg = Release|Any CPU
		{B0722B20-1CD5-4B25-9978-92C2CE6FE7D7}.Release|Any CPU.Build.0 = Release|Any CPU
		{C0EDC5AF-F28D-4F43-B42F-EED500E84415}.Debug|Any CPU.ActiveCfg = Debug|Any CPU
		{C0EDC5AF-F28D-4F43-B42F-EED500E84415}.Debug|Any CPU.Build.0 = Debug|Any CPU
		{C0EDC5AF-F28D-4F43-B42F-EED500E84415}.Release|Any CPU.ActiveCfg = Release|Any CPU
		{C0EDC5AF-F28D-4F43-B42F-EED500E84415}.Release|Any CPU.Build.0 = Release|Any CPU
		{0D86E443-5F52-4B5A-BB5D-32345D134D97}.Debug|Any CPU.ActiveCfg = Debug|Any CPU
		{0D86E443-5F52-4B5A-BB5D-32345D134D97}.Debug|Any CPU.Build.0 = Debug|Any CPU
		{0D86E443-5F52-4B5A-BB5D-32345D134D97}.Release|Any CPU.ActiveCfg = Release|Any CPU
		{0D86E443-5F52-4B5A-BB5D-32345D134D97}.Release|Any CPU.Build.0 = Release|Any CPU
		{4A484FFF-4246-4307-8750-CBD82C254122}.Debug|Any CPU.ActiveCfg = Debug|Any CPU
		{4A484FFF-4246-4307-8750-CBD82C254122}.Debug|Any CPU.Build.0 = Debug|Any CPU
		{4A484FFF-4246-4307-8750-CBD82C254122}.Release|Any CPU.ActiveCfg = Release|Any CPU
		{4A484FFF-4246-4307-8750-CBD82C254122}.Release|Any CPU.Build.0 = Release|Any CPU
		{793BB23A-78A0-49BB-808F-8D4515778DA5}.Debug|Any CPU.ActiveCfg = Debug|Any CPU
		{793BB23A-78A0-49BB-808F-8D4515778DA5}.Debug|Any CPU.Build.0 = Debug|Any CPU
		{793BB23A-78A0-49BB-808F-8D4515778DA5}.Release|Any CPU.ActiveCfg = Release|Any CPU
		{793BB23A-78A0-49BB-808F-8D4515778DA5}.Release|Any CPU.Build.0 = Release|Any CPU
		{A3C564AE-E98B-48DC-BA3C-D28CE6C7270A}.Debug|Any CPU.ActiveCfg = Debug|Any CPU
		{A3C564AE-E98B-48DC-BA3C-D28CE6C7270A}.Debug|Any CPU.Build.0 = Debug|Any CPU
		{A3C564AE-E98B-48DC-BA3C-D28CE6C7270A}.Release|Any CPU.ActiveCfg = Release|Any CPU
		{A3C564AE-E98B-48DC-BA3C-D28CE6C7270A}.Release|Any CPU.Build.0 = Release|Any CPU
		{DEF5C722-0CC3-4B0A-BC5B-2F484EF194BA}.Debug|Any CPU.ActiveCfg = Debug|Any CPU
		{DEF5C722-0CC3-4B0A-BC5B-2F484EF194BA}.Debug|Any CPU.Build.0 = Debug|Any CPU
		{DEF5C722-0CC3-4B0A-BC5B-2F484EF194BA}.Release|Any CPU.ActiveCfg = Release|Any CPU
		{DEF5C722-0CC3-4B0A-BC5B-2F484EF194BA}.Release|Any CPU.Build.0 = Release|Any CPU
		{CFDEB0C6-791C-42C0-82FF-996ABA9A97E8}.Debug|Any CPU.ActiveCfg = Debug|Any CPU
		{CFDEB0C6-791C-42C0-82FF-996ABA9A97E8}.Debug|Any CPU.Build.0 = Debug|Any CPU
		{CFDEB0C6-791C-42C0-82FF-996ABA9A97E8}.Release|Any CPU.ActiveCfg = Release|Any CPU
		{CFDEB0C6-791C-42C0-82FF-996ABA9A97E8}.Release|Any CPU.Build.0 = Release|Any CPU
		{073C9F2E-EA21-4918-A94B-342E6907DB16}.Debug|Any CPU.ActiveCfg = Debug|Any CPU
		{073C9F2E-EA21-4918-A94B-342E6907DB16}.Debug|Any CPU.Build.0 = Debug|Any CPU
		{073C9F2E-EA21-4918-A94B-342E6907DB16}.Release|Any CPU.ActiveCfg = Release|Any CPU
		{073C9F2E-EA21-4918-A94B-342E6907DB16}.Release|Any CPU.Build.0 = Release|Any CPU
		{4581D5BD-88D6-437F-BF1B-FEC0CF35A27A}.Debug|Any CPU.ActiveCfg = Debug|Any CPU
		{4581D5BD-88D6-437F-BF1B-FEC0CF35A27A}.Debug|Any CPU.Build.0 = Debug|Any CPU
		{4581D5BD-88D6-437F-BF1B-FEC0CF35A27A}.Release|Any CPU.ActiveCfg = Release|Any CPU
		{4581D5BD-88D6-437F-BF1B-FEC0CF35A27A}.Release|Any CPU.Build.0 = Release|Any CPU
		{0910D335-6DA3-4638-B38A-89E14CB46672}.Debug|Any CPU.ActiveCfg = Debug|Any CPU
		{0910D335-6DA3-4638-B38A-89E14CB46672}.Debug|Any CPU.Build.0 = Debug|Any CPU
		{0910D335-6DA3-4638-B38A-89E14CB46672}.Release|Any CPU.ActiveCfg = Release|Any CPU
		{0910D335-6DA3-4638-B38A-89E14CB46672}.Release|Any CPU.Build.0 = Release|Any CPU
		{3E32AB3F-8A04-4608-87E8-EFA3960CC8E4}.Debug|Any CPU.ActiveCfg = Debug|Any CPU
		{3E32AB3F-8A04-4608-87E8-EFA3960CC8E4}.Debug|Any CPU.Build.0 = Debug|Any CPU
		{3E32AB3F-8A04-4608-87E8-EFA3960CC8E4}.Release|Any CPU.ActiveCfg = Release|Any CPU
		{3E32AB3F-8A04-4608-87E8-EFA3960CC8E4}.Release|Any CPU.Build.0 = Release|Any CPU
		{B07251B2-7DC2-4B94-AFAA-59D42FE707D0}.Debug|Any CPU.ActiveCfg = Debug|Any CPU
		{B07251B2-7DC2-4B94-AFAA-59D42FE707D0}.Debug|Any CPU.Build.0 = Debug|Any CPU
		{B07251B2-7DC2-4B94-AFAA-59D42FE707D0}.Release|Any CPU.ActiveCfg = Release|Any CPU
		{B07251B2-7DC2-4B94-AFAA-59D42FE707D0}.Release|Any CPU.Build.0 = Release|Any CPU
		{6CA75D40-38AA-49D2-BA43-D6AE5B511849}.Debug|Any CPU.ActiveCfg = Debug|Any CPU
		{6CA75D40-38AA-49D2-BA43-D6AE5B511849}.Debug|Any CPU.Build.0 = Debug|Any CPU
		{6CA75D40-38AA-49D2-BA43-D6AE5B511849}.Release|Any CPU.ActiveCfg = Release|Any CPU
		{6CA75D40-38AA-49D2-BA43-D6AE5B511849}.Release|Any CPU.Build.0 = Release|Any CPU
		{9715AE5E-401B-48D8-B22B-084621DEC07F}.Debug|Any CPU.ActiveCfg = Debug|Any CPU
		{9715AE5E-401B-48D8-B22B-084621DEC07F}.Debug|Any CPU.Build.0 = Debug|Any CPU
		{9715AE5E-401B-48D8-B22B-084621DEC07F}.Release|Any CPU.ActiveCfg = Release|Any CPU
		{9715AE5E-401B-48D8-B22B-084621DEC07F}.Release|Any CPU.Build.0 = Release|Any CPU
		{71D1A431-1891-4308-99CF-5DB3470E9ED7}.Debug|Any CPU.ActiveCfg = Debug|Any CPU
		{71D1A431-1891-4308-99CF-5DB3470E9ED7}.Debug|Any CPU.Build.0 = Debug|Any CPU
		{71D1A431-1891-4308-99CF-5DB3470E9ED7}.Release|Any CPU.ActiveCfg = Release|Any CPU
		{71D1A431-1891-4308-99CF-5DB3470E9ED7}.Release|Any CPU.Build.0 = Release|Any CPU
		{53153AD0-1C6F-4764-99B7-F228F38F7B97}.Debug|Any CPU.ActiveCfg = Debug|Any CPU
		{53153AD0-1C6F-4764-99B7-F228F38F7B97}.Debug|Any CPU.Build.0 = Debug|Any CPU
		{53153AD0-1C6F-4764-99B7-F228F38F7B97}.Release|Any CPU.ActiveCfg = Release|Any CPU
		{53153AD0-1C6F-4764-99B7-F228F38F7B97}.Release|Any CPU.Build.0 = Release|Any CPU
		{8CCD4BCD-7E68-48CB-B619-1A6938480BA5}.Debug|Any CPU.ActiveCfg = Debug|Any CPU
		{8CCD4BCD-7E68-48CB-B619-1A6938480BA5}.Debug|Any CPU.Build.0 = Debug|Any CPU
		{8CCD4BCD-7E68-48CB-B619-1A6938480BA5}.Release|Any CPU.ActiveCfg = Release|Any CPU
		{8CCD4BCD-7E68-48CB-B619-1A6938480BA5}.Release|Any CPU.Build.0 = Release|Any CPU
		{E9D60F9A-AA77-4AAF-BF68-35027A5383A2}.Debug|Any CPU.ActiveCfg = Debug|Any CPU
		{E9D60F9A-AA77-4AAF-BF68-35027A5383A2}.Debug|Any CPU.Build.0 = Debug|Any CPU
		{E9D60F9A-AA77-4AAF-BF68-35027A5383A2}.Release|Any CPU.ActiveCfg = Release|Any CPU
		{E9D60F9A-AA77-4AAF-BF68-35027A5383A2}.Release|Any CPU.Build.0 = Release|Any CPU
		{E30FF16B-8D88-48BC-989E-E354E246C85C}.Debug|Any CPU.ActiveCfg = Debug|Any CPU
		{E30FF16B-8D88-48BC-989E-E354E246C85C}.Debug|Any CPU.Build.0 = Debug|Any CPU
		{E30FF16B-8D88-48BC-989E-E354E246C85C}.Release|Any CPU.ActiveCfg = Release|Any CPU
		{E30FF16B-8D88-48BC-989E-E354E246C85C}.Release|Any CPU.Build.0 = Release|Any CPU
		{DCEE5098-984E-45C1-BC97-6B024FEDA1DF}.Debug|Any CPU.ActiveCfg = Debug|Any CPU
		{DCEE5098-984E-45C1-BC97-6B024FEDA1DF}.Debug|Any CPU.Build.0 = Debug|Any CPU
		{DCEE5098-984E-45C1-BC97-6B024FEDA1DF}.Release|Any CPU.ActiveCfg = Release|Any CPU
		{DCEE5098-984E-45C1-BC97-6B024FEDA1DF}.Release|Any CPU.Build.0 = Release|Any CPU
		{7488381E-3564-4A87-B312-AF31165BEC71}.Debug|Any CPU.ActiveCfg = Debug|Any CPU
		{7488381E-3564-4A87-B312-AF31165BEC71}.Debug|Any CPU.Build.0 = Debug|Any CPU
		{7488381E-3564-4A87-B312-AF31165BEC71}.Release|Any CPU.ActiveCfg = Release|Any CPU
		{7488381E-3564-4A87-B312-AF31165BEC71}.Release|Any CPU.Build.0 = Release|Any CPU
		{4DCDD756-88DA-45AA-8A05-A2D2DA4DE0ED}.Debug|Any CPU.ActiveCfg = Debug|Any CPU
		{4DCDD756-88DA-45AA-8A05-A2D2DA4DE0ED}.Debug|Any CPU.Build.0 = Debug|Any CPU
		{4DCDD756-88DA-45AA-8A05-A2D2DA4DE0ED}.Release|Any CPU.ActiveCfg = Release|Any CPU
		{4DCDD756-88DA-45AA-8A05-A2D2DA4DE0ED}.Release|Any CPU.Build.0 = Release|Any CPU
	EndGlobalSection
	GlobalSection(SolutionProperties) = preSolution
		HideSolutionNode = FALSE
	EndGlobalSection
	GlobalSection(NestedProjects) = preSolution
		{1A30CDF8-ED81-4C6E-9172-75034A7381BD} = {38A56737-81A0-49C2-8314-D1CE5B9B86D6}
		{4223ECD0-1102-4D2E-BD12-C01D63D3077C} = {38A56737-81A0-49C2-8314-D1CE5B9B86D6}
		{B0722B20-1CD5-4B25-9978-92C2CE6FE7D7} = {38A56737-81A0-49C2-8314-D1CE5B9B86D6}
		{C0EDC5AF-F28D-4F43-B42F-EED500E84415} = {38A56737-81A0-49C2-8314-D1CE5B9B86D6}
		{0D86E443-5F52-4B5A-BB5D-32345D134D97} = {38A56737-81A0-49C2-8314-D1CE5B9B86D6}
		{4A484FFF-4246-4307-8750-CBD82C254122} = {1EC6B3AA-D316-4C04-B8FB-EA63C62C6EA4}
		{793BB23A-78A0-49BB-808F-8D4515778DA5} = {1EC6B3AA-D316-4C04-B8FB-EA63C62C6EA4}
		{A3C564AE-E98B-48DC-BA3C-D28CE6C7270A} = {1EC6B3AA-D316-4C04-B8FB-EA63C62C6EA4}
		{DEF5C722-0CC3-4B0A-BC5B-2F484EF194BA} = {1EC6B3AA-D316-4C04-B8FB-EA63C62C6EA4}
		{CFDEB0C6-791C-42C0-82FF-996ABA9A97E8} = {1EC6B3AA-D316-4C04-B8FB-EA63C62C6EA4}
		{073C9F2E-EA21-4918-A94B-342E6907DB16} = {055BAE41-FF8F-4D5E-BEA3-3D5C4C3C8674}
		{4581D5BD-88D6-437F-BF1B-FEC0CF35A27A} = {055BAE41-FF8F-4D5E-BEA3-3D5C4C3C8674}
		{0910D335-6DA3-4638-B38A-89E14CB46672} = {055BAE41-FF8F-4D5E-BEA3-3D5C4C3C8674}
		{3E32AB3F-8A04-4608-87E8-EFA3960CC8E4} = {055BAE41-FF8F-4D5E-BEA3-3D5C4C3C8674}
		{B07251B2-7DC2-4B94-AFAA-59D42FE707D0} = {055BAE41-FF8F-4D5E-BEA3-3D5C4C3C8674}
		{6CA75D40-38AA-49D2-BA43-D6AE5B511849} = {0632182C-1CBF-4D04-90B5-79419BD8C24A}
		{9715AE5E-401B-48D8-B22B-084621DEC07F} = {0632182C-1CBF-4D04-90B5-79419BD8C24A}
		{71D1A431-1891-4308-99CF-5DB3470E9ED7} = {0632182C-1CBF-4D04-90B5-79419BD8C24A}
		{53153AD0-1C6F-4764-99B7-F228F38F7B97} = {0632182C-1CBF-4D04-90B5-79419BD8C24A}
		{8CCD4BCD-7E68-48CB-B619-1A6938480BA5} = {0632182C-1CBF-4D04-90B5-79419BD8C24A}
		{E9D60F9A-AA77-4AAF-BF68-35027A5383A2} = {0632182C-1CBF-4D04-90B5-79419BD8C24A}
		{E30FF16B-8D88-48BC-989E-E354E246C85C} = {3FBCB706-B5E6-40A3-8D5F-5A182F0EEFBD}
		{DCEE5098-984E-45C1-BC97-6B024FEDA1DF} = {3FBCB706-B5E6-40A3-8D5F-5A182F0EEFBD}
		{7488381E-3564-4A87-B312-AF31165BEC71} = {3FBCB706-B5E6-40A3-8D5F-5A182F0EEFBD}
		{4DCDD756-88DA-45AA-8A05-A2D2DA4DE0ED} = {3FBCB706-B5E6-40A3-8D5F-5A182F0EEFBD}
	EndGlobalSection
	GlobalSection(ExtensibilityGlobals) = postSolution
		SolutionGuid = {4B8BC112-80FD-431D-A377-8FB97D665A54}
	EndGlobalSection
EndGlobal
